
Microsoft Visual Studio Solution File, Format Version 12.00
# Visual Studio Version 17
VisualStudioVersion = 17.10.35013.160
MinimumVisualStudioVersion = 10.0.40219.1
Project("{FAE04EC0-301F-11D3-BF4B-00C04F79EFBC}") = "Course", "Course\Course.csproj", "{FEC8FFD8-EEE6-4EA8-BC55-90B1A8526625}"
EndProject
Global
	GlobalSection(SolutionConfigurationPlatforms) = preSolution
		Debug|Any CPU = Debug|Any CPU
		Release|Any CPU = Release|Any CPU
	EndGlobalSection
	GlobalSection(ProjectConfigurationPlatforms) = postSolution
		{FEC8FFD8-EEE6-4EA8-BC55-90B1A8526625}.Debug|Any CPU.ActiveCfg = Debug|Any CPU
		{FEC8FFD8-EEE6-4EA8-BC55-90B1A8526625}.Debug|Any CPU.Build.0 = Debug|Any CPU
		{FEC8FFD8-EEE6-4EA8-BC55-90B1A8526625}.Release|Any CPU.ActiveCfg = Release|Any CPU
		{FEC8FFD8-EEE6-4EA8-BC55-90B1A8526625}.Release|Any CPU.Build.0 = Release|Any CPU
	EndGlobalSection
	GlobalSection(SolutionProperties) = preSolution
		HideSolutionNode = FALSE
	EndGlobalSection
	GlobalSection(ExtensibilityGlobals) = postSolution
		SolutionGuid = {4FF18FC7-3477-4C4D-9B2F-6FB800113FFF}
	EndGlobalSection
EndGlobal
